// !$*UTF8*$!
{
	archiveVersion = 1;
	classes = {
	};
	objectVersion = 50;
	objects = {

/* Begin PBXBuildFile section */
		934D2CEA276654AF008A218B /* LeagueVC.swift in Sources */ = {isa = PBXBuildFile; fileRef = 934D2CE9276654AF008A218B /* LeagueVC.swift */; };
		934D2CEF276654EC008A218B /* SkillVC.swift in Sources */ = {isa = PBXBuildFile; fileRef = 934D2CEE276654EC008A218B /* SkillVC.swift */; };
		934D2CF42766A3E3008A218B /* Player.swift in Sources */ = {isa = PBXBuildFile; fileRef = 934D2CF32766A3E3008A218B /* Player.swift */; };
		93B989A1274412B90027C89A /* BorderButton.swift in Sources */ = {isa = PBXBuildFile; fileRef = 93B989A0274412B90027C89A /* BorderButton.swift */; };
		93EA447E26ACD35F004C5876 /* AppDelegate.swift in Sources */ = {isa = PBXBuildFile; fileRef = 93EA447D26ACD35F004C5876 /* AppDelegate.swift */; };
		93EA448026ACD35F004C5876 /* SceneDelegate.swift in Sources */ = {isa = PBXBuildFile; fileRef = 93EA447F26ACD35F004C5876 /* SceneDelegate.swift */; };
		93EA448226ACD35F004C5876 /* ViewController.swift in Sources */ = {isa = PBXBuildFile; fileRef = 93EA448126ACD35F004C5876 /* ViewController.swift */; };
		93EA448526ACD35F004C5876 /* Main.storyboard in Resources */ = {isa = PBXBuildFile; fileRef = 93EA448326ACD35F004C5876 /* Main.storyboard */; };
		93EA448726ACD362004C5876 /* Assets.xcassets in Resources */ = {isa = PBXBuildFile; fileRef = 93EA448626ACD362004C5876 /* Assets.xcassets */; };
		93EA448A26ACD362004C5876 /* LaunchScreen.storyboard in Resources */ = {isa = PBXBuildFile; fileRef = 93EA448826ACD362004C5876 /* LaunchScreen.storyboard */; };
		93EA449526ACD363004C5876 /* app_swooshTests.swift in Sources */ = {isa = PBXBuildFile; fileRef = 93EA449426ACD363004C5876 /* app_swooshTests.swift */; };
		93EA44A026ACD363004C5876 /* app_swooshUITests.swift in Sources */ = {isa = PBXBuildFile; fileRef = 93EA449F26ACD363004C5876 /* app_swooshUITests.swift */; };
/* End PBXBuildFile section */

/* Begin PBXContainerItemProxy section */
		93EA449126ACD363004C5876 /* PBXContainerItemProxy */ = {
			isa = PBXContainerItemProxy;
			containerPortal = 93EA447226ACD35F004C5876 /* Project object */;
			proxyType = 1;
			remoteGlobalIDString = 93EA447926ACD35F004C5876;
			remoteInfo = "app-swoosh";
		};
		93EA449C26ACD363004C5876 /* PBXContainerItemProxy */ = {
			isa = PBXContainerItemProxy;
			containerPortal = 93EA447226ACD35F004C5876 /* Project object */;
			proxyType = 1;
			remoteGlobalIDString = 93EA447926ACD35F004C5876;
			remoteInfo = "app-swoosh";
		};
/* End PBXContainerItemProxy section */

/* Begin PBXFileReference section */
		934D2CE9276654AF008A218B /* LeagueVC.swift */ = {isa = PBXFileReference; lastKnownFileType = sourcecode.swift; path = LeagueVC.swift; sourceTree = "<group>"; };
		934D2CEE276654EC008A218B /* SkillVC.swift */ = {isa = PBXFileReference; lastKnownFileType = sourcecode.swift; path = SkillVC.swift; sourceTree = "<group>"; };
		934D2CF32766A3E3008A218B /* Player.swift */ = {isa = PBXFileReference; lastKnownFileType = sourcecode.swift; path = Player.swift; sourceTree = "<group>"; };
		93B989A0274412B90027C89A /* BorderButton.swift */ = {isa = PBXFileReference; lastKnownFileType = sourcecode.swift; path = BorderButton.swift; sourceTree = "<group>"; };
		93EA447A26ACD35F004C5876 /* app-swoosh.app */ = {isa = PBXFileReference; explicitFileType = wrapper.application; includeInIndex = 0; path = "app-swoosh.app"; sourceTree = BUILT_PRODUCTS_DIR; };
		93EA447D26ACD35F004C5876 /* AppDelegate.swift */ = {isa = PBXFileReference; lastKnownFileType = sourcecode.swift; path = AppDelegate.swift; sourceTree = "<group>"; };
		93EA447F26ACD35F004C5876 /* SceneDelegate.swift */ = {isa = PBXFileReference; lastKnownFileType = sourcecode.swift; path = SceneDelegate.swift; sourceTree = "<group>"; };
		93EA448126ACD35F004C5876 /* ViewController.swift */ = {isa = PBXFileReference; lastKnownFileType = sourcecode.swift; path = ViewController.swift; sourceTree = "<group>"; };
		93EA448426ACD35F004C5876 /* Base */ = {isa = PBXFileReference; lastKnownFileType = file.storyboard; name = Base; path = Base.lproj/Main.storyboard; sourceTree = "<group>"; };
		93EA448626ACD362004C5876 /* Assets.xcassets */ = {isa = PBXFileReference; lastKnownFileType = folder.assetcatalog; path = Assets.xcassets; sourceTree = "<group>"; };
		93EA448926ACD362004C5876 /* Base */ = {isa = PBXFileReference; lastKnownFileType = file.storyboard; name = Base; path = Base.lproj/LaunchScreen.storyboard; sourceTree = "<group>"; };
		93EA448B26ACD362004C5876 /* Info.plist */ = {isa = PBXFileReference; lastKnownFileType = text.plist.xml; path = Info.plist; sourceTree = "<group>"; };
		93EA449026ACD363004C5876 /* app-swooshTests.xctest */ = {isa = PBXFileReference; explicitFileType = wrapper.cfbundle; includeInIndex = 0; path = "app-swooshTests.xctest"; sourceTree = BUILT_PRODUCTS_DIR; };
		93EA449426ACD363004C5876 /* app_swooshTests.swift */ = {isa = PBXFileReference; lastKnownFileType = sourcecode.swift; path = app_swooshTests.swift; sourceTree = "<group>"; };
		93EA449626ACD363004C5876 /* Info.plist */ = {isa = PBXFileReference; lastKnownFileType = text.plist.xml; path = Info.plist; sourceTree = "<group>"; };
		93EA449B26ACD363004C5876 /* app-swooshUITests.xctest */ = {isa = PBXFileReference; explicitFileType = wrapper.cfbundle; includeInIndex = 0; path = "app-swooshUITests.xctest"; sourceTree = BUILT_PRODUCTS_DIR; };
		93EA449F26ACD363004C5876 /* app_swooshUITests.swift */ = {isa = PBXFileReference; lastKnownFileType = sourcecode.swift; path = app_swooshUITests.swift; sourceTree = "<group>"; };
		93EA44A126ACD363004C5876 /* Info.plist */ = {isa = PBXFileReference; lastKnownFileType = text.plist.xml; path = Info.plist; sourceTree = "<group>"; };
/* End PBXFileReference section */

/* Begin PBXFrameworksBuildPhase section */
		93EA447726ACD35F004C5876 /* Frameworks */ = {
			isa = PBXFrameworksBuildPhase;
			buildActionMask = 2147483647;
			files = (
			);
			runOnlyForDeploymentPostprocessing = 0;
		};
		93EA448D26ACD363004C5876 /* Frameworks */ = {
			isa = PBXFrameworksBuildPhase;
			buildActionMask = 2147483647;
			files = (
			);
			runOnlyForDeploymentPostprocessing = 0;
		};
		93EA449826ACD363004C5876 /* Frameworks */ = {
			isa = PBXFrameworksBuildPhase;
			buildActionMask = 2147483647;
			files = (
			);
			runOnlyForDeploymentPostprocessing = 0;
		};
/* End PBXFrameworksBuildPhase section */

/* Begin PBXGroup section */
		934D2CE127661311008A218B /* Controller */ = {
			isa = PBXGroup;
			children = (
				93EA448126ACD35F004C5876 /* ViewController.swift */,
				934D2CE9276654AF008A218B /* LeagueVC.swift */,
				934D2CEE276654EC008A218B /* SkillVC.swift */,
			);
			path = Controller;
			sourceTree = "<group>";
		};
		934D2CE227661342008A218B /* Model */ = {
			isa = PBXGroup;
			children = (
				934D2CF32766A3E3008A218B /* Player.swift */,
			);
			path = Model;
			sourceTree = "<group>";
		};
		93B9899F274411760027C89A /* View */ = {
			isa = PBXGroup;
			children = (
				93B989A0274412B90027C89A /* BorderButton.swift */,
			);
			path = View;
			sourceTree = "<group>";
		};
		93EA447126ACD35F004C5876 = {
			isa = PBXGroup;
			children = (
				93EA447C26ACD35F004C5876 /* app-swoosh */,
				93EA449326ACD363004C5876 /* app-swooshTests */,
				93EA449E26ACD363004C5876 /* app-swooshUITests */,
				93EA447B26ACD35F004C5876 /* Products */,
			);
			sourceTree = "<group>";
		};
		93EA447B26ACD35F004C5876 /* Products */ = {
			isa = PBXGroup;
			children = (
				93EA447A26ACD35F004C5876 /* app-swoosh.app */,
				93EA449026ACD363004C5876 /* app-swooshTests.xctest */,
				93EA449B26ACD363004C5876 /* app-swooshUITests.xctest */,
			);
			name = Products;
			sourceTree = "<group>";
		};
		93EA447C26ACD35F004C5876 /* app-swoosh */ = {
			isa = PBXGroup;
			children = (
				934D2CE227661342008A218B /* Model */,
				934D2CE127661311008A218B /* Controller */,
				93B9899F274411760027C89A /* View */,
				93EA447D26ACD35F004C5876 /* AppDelegate.swift */,
				93EA447F26ACD35F004C5876 /* SceneDelegate.swift */,
				93EA448326ACD35F004C5876 /* Main.storyboard */,
				93EA448626ACD362004C5876 /* Assets.xcassets */,
				93EA448826ACD362004C5876 /* LaunchScreen.storyboard */,
				93EA448B26ACD362004C5876 /* Info.plist */,
			);
			path = "app-swoosh";
			sourceTree = "<group>";
		};
		93EA449326ACD363004C5876 /* app-swooshTests */ = {
			isa = PBXGroup;
			children = (
				93EA449426ACD363004C5876 /* app_swooshTests.swift */,
				93EA449626ACD363004C5876 /* Info.plist */,
			);
			path = "app-swooshTests";
			sourceTree = "<group>";
		};
		93EA449E26ACD363004C5876 /* app-swooshUITests */ = {
			isa = PBXGroup;
			children = (
				93EA449F26ACD363004C5876 /* app_swooshUITests.swift */,
				93EA44A126ACD363004C5876 /* Info.plist */,
			);
			path = "app-swooshUITests";
			sourceTree = "<group>";
		};
/* End PBXGroup section */

/* Begin PBXNativeTarget section */
		93EA447926ACD35F004C5876 /* app-swoosh */ = {
			isa = PBXNativeTarget;
			buildConfigurationList = 93EA44A426ACD363004C5876 /* Build configuration list for PBXNativeTarget "app-swoosh" */;
			buildPhases = (
				93EA447626ACD35F004C5876 /* Sources */,
				93EA447726ACD35F004C5876 /* Frameworks */,
				93EA447826ACD35F004C5876 /* Resources */,
			);
			buildRules = (
			);
			dependencies = (
			);
			name = "app-swoosh";
			productName = "app-swoosh";
			productReference = 93EA447A26ACD35F004C5876 /* app-swoosh.app */;
			productType = "com.apple.product-type.application";
		};
		93EA448F26ACD363004C5876 /* app-swooshTests */ = {
			isa = PBXNativeTarget;
			buildConfigurationList = 93EA44A726ACD363004C5876 /* Build configuration list for PBXNativeTarget "app-swooshTests" */;
			buildPhases = (
				93EA448C26ACD363004C5876 /* Sources */,
				93EA448D26ACD363004C5876 /* Frameworks */,
				93EA448E26ACD363004C5876 /* Resources */,
			);
			buildRules = (
			);
			dependencies = (
				93EA449226ACD363004C5876 /* PBXTargetDependency */,
			);
			name = "app-swooshTests";
			productName = "app-swooshTests";
			productReference = 93EA449026ACD363004C5876 /* app-swooshTests.xctest */;
			productType = "com.apple.product-type.bundle.unit-test";
		};
		93EA449A26ACD363004C5876 /* app-swooshUITests */ = {
			isa = PBXNativeTarget;
			buildConfigurationList = 93EA44AA26ACD363004C5876 /* Build configuration list for PBXNativeTarget "app-swooshUITests" */;
			buildPhases = (
				93EA449726ACD363004C5876 /* Sources */,
				93EA449826ACD363004C5876 /* Frameworks */,
				93EA449926ACD363004C5876 /* Resources */,
			);
			buildRules = (
			);
			dependencies = (
				93EA449D26ACD363004C5876 /* PBXTargetDependency */,
			);
			name = "app-swooshUITests";
			productName = "app-swooshUITests";
			productReference = 93EA449B26ACD363004C5876 /* app-swooshUITests.xctest */;
			productType = "com.apple.product-type.bundle.ui-testing";
		};
/* End PBXNativeTarget section */

/* Begin PBXProject section */
		93EA447226ACD35F004C5876 /* Project object */ = {
			isa = PBXProject;
			attributes = {
				LastSwiftUpdateCheck = 1240;
				LastUpgradeCheck = 1240;
				TargetAttributes = {
					93EA447926ACD35F004C5876 = {
						CreatedOnToolsVersion = 12.4;
					};
					93EA448F26ACD363004C5876 = {
						CreatedOnToolsVersion = 12.4;
						TestTargetID = 93EA447926ACD35F004C5876;
					};
					93EA449A26ACD363004C5876 = {
						CreatedOnToolsVersion = 12.4;
						TestTargetID = 93EA447926ACD35F004C5876;
					};
				};
			};
			buildConfigurationList = 93EA447526ACD35F004C5876 /* Build configuration list for PBXProject "app-swoosh" */;
			compatibilityVersion = "Xcode 9.3";
			developmentRegion = en;
			hasScannedForEncodings = 0;
			knownRegions = (
				en,
				Base,
			);
			mainGroup = 93EA447126ACD35F004C5876;
			productRefGroup = 93EA447B26ACD35F004C5876 /* Products */;
			projectDirPath = "";
			projectRoot = "";
			targets = (
				93EA447926ACD35F004C5876 /* app-swoosh */,
				93EA448F26ACD363004C5876 /* app-swooshTests */,
				93EA449A26ACD363004C5876 /* app-swooshUITests */,
			);
		};
/* End PBXProject section */

/* Begin PBXResourcesBuildPhase section */
		93EA447826ACD35F004C5876 /* Resources */ = {
			isa = PBXResourcesBuildPhase;
			buildActionMask = 2147483647;
			files = (
				93EA448A26ACD362004C5876 /* LaunchScreen.storyboard in Resources */,
				93EA448726ACD362004C5876 /* Assets.xcassets in Resources */,
				93EA448526ACD35F004C5876 /* Main.storyboard in Resources */,
			);
			runOnlyForDeploymentPostprocessing = 0;
		};
		93EA448E26ACD363004C5876 /* Resources */ = {
			isa = PBXResourcesBuildPhase;
			buildActionMask = 2147483647;
			files = (
			);
			runOnlyForDeploymentPostprocessing = 0;
		};
		93EA449926ACD363004C5876 /* Resources */ = {
			isa = PBXResourcesBuildPhase;
			buildActionMask = 2147483647;
			files = (
			);
			runOnlyForDeploymentPostprocessing = 0;
		};
/* End PBXResourcesBuildPhase section */

/* Begin PBXSourcesBuildPhase section */
		93EA447626ACD35F004C5876 /* Sources */ = {
			isa = PBXSourcesBuildPhase;
			buildActionMask = 2147483647;
			files = (
				934D2CEA276654AF008A218B /* LeagueVC.swift in Sources */,
				93EA448226ACD35F004C5876 /* ViewController.swift in Sources */,
				93EA447E26ACD35F004C5876 /* AppDelegate.swift in Sources */,
				93EA448026ACD35F004C5876 /* SceneDelegate.swift in Sources */,
				934D2CF42766A3E3008A218B /* Player.swift in Sources */,
				934D2CEF276654EC008A218B /* SkillVC.swift in Sources */,
				93B989A1274412B90027C89A /* BorderButton.swift in Sources */,
			);
			runOnlyForDeploymentPostprocessing = 0;
		};
		93EA448C26ACD363004C5876 /* Sources */ = {
			isa = PBXSourcesBuildPhase;
			buildActionMask = 2147483647;
			files = (
				93EA449526ACD363004C5876 /* app_swooshTests.swift in Sources */,
			);
			runOnlyForDeploymentPostprocessing = 0;
		};
		93EA449726ACD363004C5876 /* Sources */ = {
			isa = PBXSourcesBuildPhase;
			buildActionMask = 2147483647;
			files = (
				93EA44A026ACD363004C5876 /* app_swooshUITests.swift in Sources */,
			);
			runOnlyForDeploymentPostprocessing = 0;
		};
/* End PBXSourcesBuildPhase section */

/* Begin PBXTargetDependency section */
		93EA449226ACD363004C5876 /* PBXTargetDependency */ = {
			isa = PBXTargetDependency;
			target = 93EA447926ACD35F004C5876 /* app-swoosh */;
			targetProxy = 93EA449126ACD363004C5876 /* PBXContainerItemProxy */;
		};
		93EA449D26ACD363004C5876 /* PBXTargetDependency */ = {
			isa = PBXTargetDependency;
			target = 93EA447926ACD35F004C5876 /* app-swoosh */;
			targetProxy = 93EA449C26ACD363004C5876 /* PBXContainerItemProxy */;
		};
/* End PBXTargetDependency section */

/* Begin PBXVariantGroup section */
		93EA448326ACD35F004C5876 /* Main.storyboard */ = {
			isa = PBXVariantGroup;
			children = (
				93EA448426ACD35F004C5876 /* Base */,
			);
			name = Main.storyboard;
			sourceTree = "<group>";
		};
		93EA448826ACD362004C5876 /* LaunchScreen.storyboard */ = {
			isa = PBXVariantGroup;
			children = (
				93EA448926ACD362004C5876 /* Base */,
			);
			name = LaunchScreen.storyboard;
			sourceTree = "<group>";
		};
/* End PBXVariantGroup section */

/* Begin XCBuildConfiguration section */
		93EA44A226ACD363004C5876 /* Debug */ = {
			isa = XCBuildConfiguration;
			buildSettings = {
				ALWAYS_SEARCH_USER_PATHS = NO;
				CLANG_ANALYZER_NONNULL = YES;
				CLANG_ANALYZER_NUMBER_OBJECT_CONVERSION = YES_AGGRESSIVE;
				CLANG_CXX_LANGUAGE_STANDARD = "gnu++14";
				CLANG_CXX_LIBRARY = "libc++";
				CLANG_ENABLE_MODULES = YES;
				CLANG_ENABLE_OBJC_ARC = YES;
				CLANG_ENABLE_OBJC_WEAK = YES;
				CLANG_WARN_BLOCK_CAPTURE_AUTORELEASING = YES;
				CLANG_WARN_BOOL_CONVERSION = YES;
				CLANG_WARN_COMMA = YES;
				CLANG_WARN_CONSTANT_CONVERSION = YES;
				CLANG_WARN_DEPRECATED_OBJC_IMPLEMENTATIONS = YES;
				CLANG_WARN_DIRECT_OBJC_ISA_USAGE = YES_ERROR;
				CLANG_WARN_DOCUMENTATION_COMMENTS = YES;
				CLANG_WARN_EMPTY_BODY = YES;
				CLANG_WARN_ENUM_CONVERSION = YES;
				CLANG_WARN_INFINITE_RECURSION = YES;
				CLANG_WARN_INT_CONVERSION = YES;
				CLANG_WARN_NON_LITERAL_NULL_CONVERSION = YES;
				CLANG_WARN_OBJC_IMPLICIT_RETAIN_SELF = YES;
				CLANG_WARN_OBJC_LITERAL_CONVERSION = YES;
				CLANG_WARN_OBJC_ROOT_CLASS = YES_ERROR;
				CLANG_WARN_QUOTED_INCLUDE_IN_FRAMEWORK_HEADER = YES;
				CLANG_WARN_RANGE_LOOP_ANALYSIS = YES;
				CLANG_WARN_STRICT_PROTOTYPES = YES;
				CLANG_WARN_SUSPICIOUS_MOVE = YES;
				CLANG_WARN_UNGUARDED_AVAILABILITY = YES_AGGRESSIVE;
				CLANG_WARN_UNREACHABLE_CODE = YES;
				CLANG_WARN__DUPLICATE_METHOD_MATCH = YES;
				COPY_PHASE_STRIP = NO;
				DEBUG_INFORMATION_FORMAT = dwarf;
				ENABLE_STRICT_OBJC_MSGSEND = YES;
				ENABLE_TESTABILITY = YES;
				GCC_C_LANGUAGE_STANDARD = gnu11;
				GCC_DYNAMIC_NO_PIC = NO;
				GCC_NO_COMMON_BLOCKS = YES;
				GCC_OPTIMIZATION_LEVEL = 0;
				GCC_PREPROCESSOR_DEFINITIONS = (
					"DEBUG=1",
					"$(inherited)",
				);
				GCC_WARN_64_TO_32_BIT_CONVERSION = YES;
				GCC_WARN_ABOUT_RETURN_TYPE = YES_ERROR;
				GCC_WARN_UNDECLARED_SELECTOR = YES;
				GCC_WARN_UNINITIALIZED_AUTOS = YES_AGGRESSIVE;
				GCC_WARN_UNUSED_FUNCTION = YES;
				GCC_WARN_UNUSED_VARIABLE = YES;
				IPHONEOS_DEPLOYMENT_TARGET = 14.4;
				MTL_ENABLE_DEBUG_INFO = INCLUDE_SOURCE;
				MTL_FAST_MATH = YES;
				ONLY_ACTIVE_ARCH = YES;
				SDKROOT = iphoneos;
				SWIFT_ACTIVE_COMPILATION_CONDITIONS = DEBUG;
				SWIFT_OPTIMIZATION_LEVEL = "-Onone";
			};
			name = Debug;
		};
		93EA44A326ACD363004C5876 /* Release */ = {
			isa = XCBuildConfiguration;
			buildSettings = {
				ALWAYS_SEARCH_USER_PATHS = NO;
				CLANG_ANALYZER_NONNULL = YES;
				CLANG_ANALYZER_NUMBER_OBJECT_CONVERSION = YES_AGGRESSIVE;
				CLANG_CXX_LANGUAGE_STANDARD = "gnu++14";
				CLANG_CXX_LIBRARY = "libc++";
				CLANG_ENABLE_MODULES = YES;
				CLANG_ENABLE_OBJC_ARC = YES;
				CLANG_ENABLE_OBJC_WEAK = YES;
				CLANG_WARN_BLOCK_CAPTURE_AUTORELEASING = YES;
				CLANG_WARN_BOOL_CONVERSION = YES;
				CLANG_WARN_COMMA = YES;
				CLANG_WARN_CONSTANT_CONVERSION = YES;
				CLANG_WARN_DEPRECATED_OBJC_IMPLEMENTATIONS = YES;
				CLANG_WARN_DIRECT_OBJC_ISA_USAGE = YES_ERROR;
				CLANG_WARN_DOCUMENTATION_COMMENTS = YES;
				CLANG_WARN_EMPTY_BODY = YES;
				CLANG_WARN_ENUM_CONVERSION = YES;
				CLANG_WARN_INFINITE_RECURSION = YES;
				CLANG_WARN_INT_CONVERSION = YES;
				CLANG_WARN_NON_LITERAL_NULL_CONVERSION = YES;
				CLANG_WARN_OBJC_IMPLICIT_RETAIN_SELF = YES;
				CLANG_WARN_OBJC_LITERAL_CONVERSION = YES;
				CLANG_WARN_OBJC_ROOT_CLASS = YES_ERROR;
				CLANG_WARN_QUOTED_INCLUDE_IN_FRAMEWORK_HEADER = YES;
				CLANG_WARN_RANGE_LOOP_ANALYSIS = YES;
				CLANG_WARN_STRICT_PROTOTYPES = YES;
				CLANG_WARN_SUSPICIOUS_MOVE = YES;
				CLANG_WARN_UNGUARDED_AVAILABILITY = YES_AGGRESSIVE;
				CLANG_WARN_UNREACHABLE_CODE = YES;
				CLANG_WARN__DUPLICATE_METHOD_MATCH = YES;
				COPY_PHASE_STRIP = NO;
				DEBUG_INFORMATION_FORMAT = "dwarf-with-dsym";
				ENABLE_NS_ASSERTIONS = NO;
				ENABLE_STRICT_OBJC_MSGSEND = YES;
				GCC_C_LANGUAGE_STANDARD = gnu11;
				GCC_NO_COMMON_BLOCKS = YES;
				GCC_WARN_64_TO_32_BIT_CONVERSION = YES;
				GCC_WARN_ABOUT_RETURN_TYPE = YES_ERROR;
				GCC_WARN_UNDECLARED_SELECTOR = YES;
				GCC_WARN_UNINITIALIZED_AUTOS = YES_AGGRESSIVE;
				GCC_WARN_UNUSED_FUNCTION = YES;
				GCC_WARN_UNUSED_VARIABLE = YES;
				IPHONEOS_DEPLOYMENT_TARGET = 14.4;
				MTL_ENABLE_DEBUG_INFO = NO;
				MTL_FAST_MATH = YES;
				SDKROOT = iphoneos;
				SWIFT_COMPILATION_MODE = wholemodule;
				SWIFT_OPTIMIZATION_LEVEL = "-O";
				VALIDATE_PRODUCT = YES;
			};
			name = Release;
		};
		93EA44A526ACD363004C5876 /* Debug */ = {
			isa = XCBuildConfiguration;
			buildSettings = {
				ASSETCATALOG_COMPILER_APPICON_NAME = AppIcon;
				ASSETCATALOG_COMPILER_GLOBAL_ACCENT_COLOR_NAME = AccentColor;
				CODE_SIGN_STYLE = Automatic;
				INFOPLIST_FILE = "app-swoosh/Info.plist";
				LD_RUNPATH_SEARCH_PATHS = (
					"$(inherited)",
					"@executable_path/Frameworks",
				);
				PRODUCT_BUNDLE_IDENTIFIER = "saad.app-swoosh";
				PRODUCT_NAME = "$(TARGET_NAME)";
				SWIFT_VERSION = 5.0;
				TARGETED_DEVICE_FAMILY = "1,2";
			};
			name = Debug;
		};
		93EA44A626ACD363004C5876 /* Release */ = {
			isa = XCBuildConfiguration;
			buildSettings = {
				ASSETCATALOG_COMPILER_APPICON_NAME = AppIcon;
				ASSETCATALOG_COMPILER_GLOBAL_ACCENT_COLOR_NAME = AccentColor;
				CODE_SIGN_STYLE = Automatic;
				INFOPLIST_FILE = "app-swoosh/Info.plist";
				LD_RUNPATH_SEARCH_PATHS = (
					"$(inherited)",
					"@executable_path/Frameworks",
				);
				PRODUCT_BUNDLE_IDENTIFIER = "saad.app-swoosh";
				PRODUCT_NAME = "$(TARGET_NAME)";
				SWIFT_VERSION = 5.0;
				TARGETED_DEVICE_FAMILY = "1,2";
			};
			name = Release;
		};
		93EA44A826ACD363004C5876 /* Debug */ = {
			isa = XCBuildConfiguration;
			buildSettings = {
				ALWAYS_EMBED_SWIFT_STANDARD_LIBRARIES = YES;
				BUNDLE_LOADER = "$(TEST_HOST)";
				CODE_SIGN_STYLE = Automatic;
				INFOPLIST_FILE = "app-swooshTests/Info.plist";
				IPHONEOS_DEPLOYMENT_TARGET = 14.4;
				LD_RUNPATH_SEARCH_PATHS = (
					"$(inherited)",
					"@executable_path/Frameworks",
					"@loader_path/Frameworks",
				);
				PRODUCT_BUNDLE_IDENTIFIER = "saad.app-swooshTests";
				PRODUCT_NAME = "$(TARGET_NAME)";
				SWIFT_VERSION = 5.0;
				TARGETED_DEVICE_FAMILY = "1,2";
				TEST_HOST = "$(BUILT_PRODUCTS_DIR)/app-swoosh.app/app-swoosh";
			};
			name = Debug;
		};
		93EA44A926ACD363004C5876 /* Release */ = {
			isa = XCBuildConfiguration;
			buildSettings = {
				ALWAYS_EMBED_SWIFT_STANDARD_LIBRARIES = YES;
				BUNDLE_LOADER = "$(TEST_HOST)";
				CODE_SIGN_STYLE = Automatic;
				INFOPLIST_FILE = "app-swooshTests/Info.plist";
				IPHONEOS_DEPLOYMENT_TARGET = 14.4;
				LD_RUNPATH_SEARCH_PATHS = (
					"$(inherited)",
					"@executable_path/Frameworks",
					"@loader_path/Frameworks",
				);
				PRODUCT_BUNDLE_IDENTIFIER = "saad.app-swooshTests";
				PRODUCT_NAME = "$(TARGET_NAME)";
				SWIFT_VERSION = 5.0;
				TARGETED_DEVICE_FAMILY = "1,2";
				TEST_HOST = "$(BUILT_PRODUCTS_DIR)/app-swoosh.app/app-swoosh";
			};
			name = Release;
		};
		93EA44AB26ACD363004C5876 /* Debug */ = {
			isa = XCBuildConfiguration;
			buildSettings = {
				ALWAYS_EMBED_SWIFT_STANDARD_LIBRARIES = YES;
				CODE_SIGN_STYLE = Automatic;
				INFOPLIST_FILE = "app-swooshUITests/Info.plist";
				LD_RUNPATH_SEARCH_PATHS = (
					"$(inherited)",
					"@executable_path/Frameworks",
					"@loader_path/Frameworks",
				);
				PRODUCT_BUNDLE_IDENTIFIER = "saad.app-swooshUITests";
				PRODUCT_NAME = "$(TARGET_NAME)";
				SWIFT_VERSION = 5.0;
				TARGETED_DEVICE_FAMILY = "1,2";
				TEST_TARGET_NAME = "app-swoosh";
			};
			name = Debug;
		};
		93EA44AC26ACD363004C5876 /* Release */ = {
			isa = XCBuildConfiguration;
			buildSettings = {
				ALWAYS_EMBED_SWIFT_STANDARD_LIBRARIES = YES;
				CODE_SIGN_STYLE = Automatic;
				INFOPLIST_FILE = "app-swooshUITests/Info.plist";
				LD_RUNPATH_SEARCH_PATHS = (
					"$(inherited)",
					"@executable_path/Frameworks",
					"@loader_path/Frameworks",
				);
				PRODUCT_BUNDLE_IDENTIFIER = "saad.app-swooshUITests";
				PRODUCT_NAME = "$(TARGET_NAME)";
				SWIFT_VERSION = 5.0;
				TARGETED_DEVICE_FAMILY = "1,2";
				TEST_TARGET_NAME = "app-swoosh";
			};
			name = Release;
		};
/* End XCBuildConfiguration section */

/* Begin XCConfigurationList section */
		93EA447526ACD35F004C5876 /* Build configuration list for PBXProject "app-swoosh" */ = {
			isa = XCConfigurationList;
			buildConfigurations = (
				93EA44A226ACD363004C5876 /* Debug */,
				93EA44A326ACD363004C5876 /* Release */,
			);
			defaultConfigurationIsVisible = 0;
			defaultConfigurationName = Release;
		};
		93EA44A426ACD363004C5876 /* Build configuration list for PBXNativeTarget "app-swoosh" */ = {
			isa = XCConfigurationList;
			buildConfigurations = (
				93EA44A526ACD363004C5876 /* Debug */,
				93EA44A626ACD363004C5876 /* Release */,
			);
			defaultConfigurationIsVisible = 0;
			defaultConfigurationName = Release;
		};
		93EA44A726ACD363004C5876 /* Build configuration list for PBXNativeTarget "app-swooshTests" */ = {
			isa = XCConfigurationList;
			buildConfigurations = (
				93EA44A826ACD363004C5876 /* Debug */,
				93EA44A926ACD363004C5876 /* Release */,
			);
			defaultConfigurationIsVisible = 0;
			defaultConfigurationName = Release;
		};
		93EA44AA26ACD363004C5876 /* Build configuration list for PBXNativeTarget "app-swooshUITests" */ = {
			isa = XCConfigurationList;
			buildConfigurations = (
				93EA44AB26ACD363004C5876 /* Debug */,
				93EA44AC26ACD363004C5876 /* Release */,
			);
			defaultConfigurationIsVisible = 0;
			defaultConfigurationName = Release;
		};
/* End XCConfigurationList section */
	};
	rootObject = 93EA447226ACD35F004C5876 /* Project object */;
}
